// !$*UTF8*$!
{
	archiveVersion = 1;
	classes = {
	};
	objectVersion = 50;
	objects = {

/* Begin PBXBuildFile section */
		EAA45A9E232F5D0000A0973C /* AppDelegate.swift in Sources */ = {isa = PBXBuildFile; fileRef = EAA45A9D232F5D0000A0973C /* AppDelegate.swift */; };
		EAA45AA0232F5D0000A0973C /* ViewController.swift in Sources */ = {isa = PBXBuildFile; fileRef = EAA45A9F232F5D0000A0973C /* ViewController.swift */; };
		EAA45AA3232F5D0000A0973C /* Main.storyboard in Resources */ = {isa = PBXBuildFile; fileRef = EAA45AA1232F5D0000A0973C /* Main.storyboard */; };
		EAA45AA5232F5D0200A0973C /* Assets.xcassets in Resources */ = {isa = PBXBuildFile; fileRef = EAA45AA4232F5D0200A0973C /* Assets.xcassets */; };
		EAA45AA8232F5D0200A0973C /* LaunchScreen.storyboard in Resources */ = {isa = PBXBuildFile; fileRef = EAA45AA6232F5D0200A0973C /* LaunchScreen.storyboard */; };
		EAA45AB1232F5DAF00A0973C /* lamp_on.png in Resources */ = {isa = PBXBuildFile; fileRef = EAA45AAF232F5DAF00A0973C /* lamp_on.png */; };
		EAA45AB2232F5DAF00A0973C /* lamp_off.png in Resources */ = {isa = PBXBuildFile; fileRef = EAA45AB0232F5DAF00A0973C /* lamp_off.png */; };
		EAA45AB4232F5E4200A0973C /* ImageViewController.swift in Sources */ = {isa = PBXBuildFile; fileRef = EAA45AB3232F5E4200A0973C /* ImageViewController.swift */; };
		EAA45AB6232F5F0700A0973C /* DateViewController.swift in Sources */ = {isa = PBXBuildFile; fileRef = EAA45AB5232F5F0700A0973C /* DateViewController.swift */; };
/* End PBXBuildFile section */

/* Begin PBXFileReference section */
		EAA45A9A232F5D0000A0973C /* Tab.app */ = {isa = PBXFileReference; explicitFileType = wrapper.application; includeInIndex = 0; path = Tab.app; sourceTree = BUILT_PRODUCTS_DIR; };
		EAA45A9D232F5D0000A0973C /* AppDelegate.swift */ = {isa = PBXFileReference; lastKnownFileType = sourcecode.swift; path = AppDelegate.swift; sourceTree = "<group>"; };
		EAA45A9F232F5D0000A0973C /* ViewController.swift */ = {isa = PBXFileReference; lastKnownFileType = sourcecode.swift; path = ViewController.swift; sourceTree = "<group>"; };
		EAA45AA2232F5D0000A0973C /* Base */ = {isa = PBXFileReference; lastKnownFileType = file.storyboard; name = Base; path = Base.lproj/Main.storyboard; sourceTree = "<group>"; };
		EAA45AA4232F5D0200A0973C /* Assets.xcassets */ = {isa = PBXFileReference; lastKnownFileType = folder.assetcatalog; path = Assets.xcassets; sourceTree = "<group>"; };
		EAA45AA7232F5D0200A0973C /* Base */ = {isa = PBXFileReference; lastKnownFileType = file.storyboard; name = Base; path = Base.lproj/LaunchScreen.storyboard; sourceTree = "<group>"; };
		EAA45AA9232F5D0200A0973C /* Info.plist */ = {isa = PBXFileReference; lastKnownFileType = text.plist.xml; path = Info.plist; sourceTree = "<group>"; };
		EAA45AAF232F5DAF00A0973C /* lamp_on.png */ = {isa = PBXFileReference; lastKnownFileType = image.png; path = lamp_on.png; sourceTree = "<group>"; };
		EAA45AB0232F5DAF00A0973C /* lamp_off.png */ = {isa = PBXFileReference; lastKnownFileType = image.png; path = lamp_off.png; sourceTree = "<group>"; };
		EAA45AB3232F5E4200A0973C /* ImageViewController.swift */ = {isa = PBXFileReference; fileEncoding = 4; lastKnownFileType = sourcecode.swift; path = ImageViewController.swift; sourceTree = "<group>"; };
		EAA45AB5232F5F0700A0973C /* DateViewController.swift */ = {isa = PBXFileReference; fileEncoding = 4; lastKnownFileType = sourcecode.swift; name = DateViewController.swift; path = ../../DatePicker/DatePicker/DateViewController.swift; sourceTree = "<group>"; };
		EAA45AB7232F602800A0973C /* Tsingtao.jpg */ = {isa = PBXFileReference; lastKnownFileType = image.jpeg; path = Tsingtao.jpg; sourceTree = "<group>"; };
/* End PBXFileReference section */

/* Begin PBXFrameworksBuildPhase section */
		EAA45A97232F5D0000A0973C /* Frameworks */ = {
			isa = PBXFrameworksBuildPhase;
			buildActionMask = 2147483647;
			files = (
			);
			runOnlyForDeploymentPostprocessing = 0;
		};
/* End PBXFrameworksBuildPhase section */

/* Begin PBXGroup section */
		EAA45A91232F5D0000A0973C = {
			isa = PBXGroup;
			children = (
				EAA45A9C232F5D0000A0973C /* Tab */,
				EAA45A9B232F5D0000A0973C /* Products */,
			);
			sourceTree = "<group>";
		};
		EAA45A9B232F5D0000A0973C /* Products */ = {
			isa = PBXGroup;
			children = (
				EAA45A9A232F5D0000A0973C /* Tab.app */,
			);
			name = Products;
			sourceTree = "<group>";
		};
		EAA45A9C232F5D0000A0973C /* Tab */ = {
			isa = PBXGroup;
			children = (
				EAA45A9D232F5D0000A0973C /* AppDelegate.swift */,
				EAA45A9F232F5D0000A0973C /* ViewController.swift */,
				EAA45AB3232F5E4200A0973C /* ImageViewController.swift */,
				EAA45AA1232F5D0000A0973C /* Main.storyboard */,
				EAA45AA4232F5D0200A0973C /* Assets.xcassets */,
				EAA45AA6232F5D0200A0973C /* LaunchScreen.storyboard */,
				EAA45AB7232F602800A0973C /* Tsingtao.jpg */,
				EAA45AA9232F5D0200A0973C /* Info.plist */,
				EAA45AB0232F5DAF00A0973C /* lamp_off.png */,
				EAA45AAF232F5DAF00A0973C /* lamp_on.png */,
				EAA45AB5232F5F0700A0973C /* DateViewController.swift */,
			);
			path = Tab;
			sourceTree = "<group>";
		};
/* End PBXGroup section */

/* Begin PBXNativeTarget section */
		EAA45A99232F5D0000A0973C /* Tab */ = {
			isa = PBXNativeTarget;
			buildConfigurationList = EAA45AAC232F5D0200A0973C /* Build configuration list for PBXNativeTarget "Tab" */;
			buildPhases = (
				EAA45A96232F5D0000A0973C /* Sources */,
				EAA45A97232F5D0000A0973C /* Frameworks */,
				EAA45A98232F5D0000A0973C /* Resources */,
			);
			buildRules = (
			);
			dependencies = (
			);
			name = Tab;
			productName = Tab;
			productReference = EAA45A9A232F5D0000A0973C /* Tab.app */;
			productType = "com.apple.product-type.application";
		};
/* End PBXNativeTarget section */

/* Begin PBXProject section */
		EAA45A92232F5D0000A0973C /* Project object */ = {
			isa = PBXProject;
			attributes = {
				LastSwiftUpdateCheck = 1020;
				LastUpgradeCheck = 1020;
				ORGANIZATIONNAME = "권성우";
				TargetAttributes = {
					EAA45A99232F5D0000A0973C = {
						CreatedOnToolsVersion = 10.2.1;
					};
				};
			};
			buildConfigurationList = EAA45A95232F5D0000A0973C /* Build configuration list for PBXProject "Tab" */;
			compatibilityVersion = "Xcode 9.3";
			developmentRegion = en;
			hasScannedForEncodings = 0;
			knownRegions = (
				en,
				Base,
			);
			mainGroup = EAA45A91232F5D0000A0973C;
			productRefGroup = EAA45A9B232F5D0000A0973C /* Products */;
			projectDirPath = "";
			projectRoot = "";
			targets = (
				EAA45A99232F5D0000A0973C /* Tab */,
			);
		};
/* End PBXProject section */

/* Begin PBXResourcesBuildPhase section */
		EAA45A98232F5D0000A0973C /* Resources */ = {
			isa = PBXResourcesBuildPhase;
			buildActionMask = 2147483647;
			files = (
				EAA45AB1232F5DAF00A0973C /* lamp_on.png in Resources */,
				EAA45AA8232F5D0200A0973C /* LaunchScreen.storyboard in Resources */,
				EAA45AB2232F5DAF00A0973C /* lamp_off.png in Resources */,
				EAA45AA5232F5D0200A0973C /* Assets.xcassets in Resources */,
				EAA45AA3232F5D0000A0973C /* Main.storyboard in Resources */,
			);
			runOnlyForDeploymentPostprocessing = 0;
		};
/* End PBXResourcesBuildPhase section */

/* Begin PBXSourcesBuildPhase section */
		EAA45A96232F5D0000A0973C /* Sources */ = {
			isa = PBXSourcesBuildPhase;
			buildActionMask = 2147483647;
			files = (
				EAA45AA0232F5D0000A0973C /* ViewController.swift in Sources */,
				EAA45AB4232F5E4200A0973C /* ImageViewController.swift in Sources */,
				EAA45AB6232F5F0700A0973C /* DateViewController.swift in Sources */,
				EAA45A9E232F5D0000A0973C /* AppDelegate.swift in Sources */,
			);
			runOnlyForDeploymentPostprocessing = 0;
		};
/* End PBXSourcesBuildPhase section */

/* Begin PBXVariantGroup section */
		EAA45AA1232F5D0000A0973C /* Main.storyboard */ = {
			isa = PBXVariantGroup;
			children = (
				EAA45AA2232F5D0000A0973C /* Base */,
			);
			name = Main.storyboard;
			sourceTree = "<group>";
		};
		EAA45AA6232F5D0200A0973C /* LaunchScreen.storyboard */ = {
			isa = PBXVariantGroup;
			children = (
				EAA45AA7232F5D0200A0973C /* Base */,
			);
			name = LaunchScreen.storyboard;
			sourceTree = "<group>";
		};
/* End PBXVariantGroup section */

/* Begin XCBuildConfiguration section */
		EAA45AAA232F5D0200A0973C /* Debug */ = {
			isa = XCBuildConfiguration;
			buildSettings = {
				ALWAYS_SEARCH_USER_PATHS = NO;
				CLANG_ANALYZER_NONNULL = YES;
				CLANG_ANALYZER_NUMBER_OBJECT_CONVERSION = YES_AGGRESSIVE;
				CLANG_CXX_LANGUAGE_STANDARD = "gnu++14";
				CLANG_CXX_LIBRARY = "libc++";
				CLANG_ENABLE_MODULES = YES;
				CLANG_ENABLE_OBJC_ARC = YES;
				CLANG_ENABLE_OBJC_WEAK = YES;
				CLANG_WARN_BLOCK_CAPTURE_AUTORELEASING = YES;
				CLANG_WARN_BOOL_CONVERSION = YES;
				CLANG_WARN_COMMA = YES;
				CLANG_WARN_CONSTANT_CONVERSION = YES;
				CLANG_WARN_DEPRECATED_OBJC_IMPLEMENTATIONS = YES;
				CLANG_WARN_DIRECT_OBJC_ISA_USAGE = YES_ERROR;
				CLANG_WARN_DOCUMENTATION_COMMENTS = YES;
				CLANG_WARN_EMPTY_BODY = YES;
				CLANG_WARN_ENUM_CONVERSION = YES;
				CLANG_WARN_INFINITE_RECURSION = YES;
				CLANG_WARN_INT_CONVERSION = YES;
				CLANG_WARN_NON_LITERAL_NULL_CONVERSION = YES;
				CLANG_WARN_OBJC_IMPLICIT_RETAIN_SELF = YES;
				CLANG_WARN_OBJC_LITERAL_CONVERSION = YES;
				CLANG_WARN_OBJC_ROOT_CLASS = YES_ERROR;
				CLANG_WARN_RANGE_LOOP_ANALYSIS = YES;
				CLANG_WARN_STRICT_PROTOTYPES = YES;
				CLANG_WARN_SUSPICIOUS_MOVE = YES;
				CLANG_WARN_UNGUARDED_AVAILABILITY = YES_AGGRESSIVE;
				CLANG_WARN_UNREACHABLE_CODE = YES;
				CLANG_WARN__DUPLICATE_METHOD_MATCH = YES;
				CODE_SIGN_IDENTITY = "iPhone Developer";
				COPY_PHASE_STRIP = NO;
				DEBUG_INFORMATION_FORMAT = dwarf;
				ENABLE_STRICT_OBJC_MSGSEND = YES;
				ENABLE_TESTABILITY = YES;
				GCC_C_LANGUAGE_STANDARD = gnu11;
				GCC_DYNAMIC_NO_PIC = NO;
				GCC_NO_COMMON_BLOCKS = YES;
				GCC_OPTIMIZATION_LEVEL = 0;
				GCC_PREPROCESSOR_DEFINITIONS = (
					"DEBUG=1",
					"$(inherited)",
				);
				GCC_WARN_64_TO_32_BIT_CONVERSION = YES;
				GCC_WARN_ABOUT_RETURN_TYPE = YES_ERROR;
				GCC_WARN_UNDECLARED_SELECTOR = YES;
				GCC_WARN_UNINITIALIZED_AUTOS = YES_AGGRESSIVE;
				GCC_WARN_UNUSED_FUNCTION = YES;
				GCC_WARN_UNUSED_VARIABLE = YES;
				IPHONEOS_DEPLOYMENT_TARGET = 12.2;
				MTL_ENABLE_DEBUG_INFO = INCLUDE_SOURCE;
				MTL_FAST_MATH = YES;
				ONLY_ACTIVE_ARCH = YES;
				SDKROOT = iphoneos;
				SWIFT_ACTIVE_COMPILATION_CONDITIONS = DEBUG;
				SWIFT_OPTIMIZATION_LEVEL = "-Onone";
			};
			name = Debug;
		};
		EAA45AAB232F5D0200A0973C /* Release */ = {
			isa = XCBuildConfiguration;
			buildSettings = {
				ALWAYS_SEARCH_USER_PATHS = NO;
				CLANG_ANALYZER_NONNULL = YES;
				CLANG_ANALYZER_NUMBER_OBJECT_CONVERSION = YES_AGGRESSIVE;
				CLANG_CXX_LANGUAGE_STANDARD = "gnu++14";
				CLANG_CXX_LIBRARY = "libc++";
				CLANG_ENABLE_MODULES = YES;
				CLANG_ENABLE_OBJC_ARC = YES;
				CLANG_ENABLE_OBJC_WEAK = YES;
				CLANG_WARN_BLOCK_CAPTURE_AUTORELEASING = YES;
				CLANG_WARN_BOOL_CONVERSION = YES;
				CLANG_WARN_COMMA = YES;
				CLANG_WARN_CONSTANT_CONVERSION = YES;
				CLANG_WARN_DEPRECATED_OBJC_IMPLEMENTATIONS = YES;
				CLANG_WARN_DIRECT_OBJC_ISA_USAGE = YES_ERROR;
				CLANG_WARN_DOCUMENTATION_COMMENTS = YES;
				CLANG_WARN_EMPTY_BODY = YES;
				CLANG_WARN_ENUM_CONVERSION = YES;
				CLANG_WARN_INFINITE_RECURSION = YES;
				CLANG_WARN_INT_CONVERSION = YES;
				CLANG_WARN_NON_LITERAL_NULL_CONVERSION = YES;
				CLANG_WARN_OBJC_IMPLICIT_RETAIN_SELF = YES;
				CLANG_WARN_OBJC_LITERAL_CONVERSION = YES;
				CLANG_WARN_OBJC_ROOT_CLASS = YES_ERROR;
				CLANG_WARN_RANGE_LOOP_ANALYSIS = YES;
				CLANG_WARN_STRICT_PROTOTYPES = YES;
				CLANG_WARN_SUSPICIOUS_MOVE = YES;
				CLANG_WARN_UNGUARDED_AVAILABILITY = YES_AGGRESSIVE;
				CLANG_WARN_UNREACHABLE_CODE = YES;
				CLANG_WARN__DUPLICATE_METHOD_MATCH = YES;
				CODE_SIGN_IDENTITY = "iPhone Developer";
				COPY_PHASE_STRIP = NO;
				DEBUG_INFORMATION_FORMAT = "dwarf-with-dsym";
				ENABLE_NS_ASSERTIONS = NO;
				ENABLE_STRICT_OBJC_MSGSEND = YES;
				GCC_C_LANGUAGE_STANDARD = gnu11;
				GCC_NO_COMMON_BLOCKS = YES;
				GCC_WARN_64_TO_32_BIT_CONVERSION = YES;
				GCC_WARN_ABOUT_RETURN_TYPE = YES_ERROR;
				GCC_WARN_UNDECLARED_SELECTOR = YES;
				GCC_WARN_UNINITIALIZED_AUTOS = YES_AGGRESSIVE;
				GCC_WARN_UNUSED_FUNCTION = YES;
				GCC_WARN_UNUSED_VARIABLE = YES;
				IPHONEOS_DEPLOYMENT_TARGET = 12.2;
				MTL_ENABLE_DEBUG_INFO = NO;
				MTL_FAST_MATH = YES;
				SDKROOT = iphoneos;
				SWIFT_COMPILATION_MODE = wholemodule;
				SWIFT_OPTIMIZATION_LEVEL = "-O";
				VALIDATE_PRODUCT = YES;
			};
			name = Release;
		};
		EAA45AAD232F5D0200A0973C /* Debug */ = {
			isa = XCBuildConfiguration;
			buildSettings = {
				ASSETCATALOG_COMPILER_APPICON_NAME = AppIcon;
				CODE_SIGN_STYLE = Automatic;
				DEVELOPMENT_TEAM = L2VUB7Y3L2;
				INFOPLIST_FILE = Tab/Info.plist;
				LD_RUNPATH_SEARCH_PATHS = (
					"$(inherited)",
					"@executable_path/Frameworks",
				);
				PRODUCT_BUNDLE_IDENTIFIER = KSW.Tab;
				PRODUCT_NAME = "$(TARGET_NAME)";
				SWIFT_VERSION = 5.0;
				TARGETED_DEVICE_FAMILY = "1,2";
			};
			name = Debug;
		};
		EAA45AAE232F5D0200A0973C /* Release */ = {
			isa = XCBuildConfiguration;
			buildSettings = {
				ASSETCATALOG_COMPILER_APPICON_NAME = AppIcon;
				CODE_SIGN_STYLE = Automatic;
				DEVELOPMENT_TEAM = L2VUB7Y3L2;
				INFOPLIST_FILE = Tab/Info.plist;
				LD_RUNPATH_SEARCH_PATHS = (
					"$(inherited)",
					"@executable_path/Frameworks",
				);
				PRODUCT_BUNDLE_IDENTIFIER = KSW.Tab;
				PRODUCT_NAME = "$(TARGET_NAME)";
				SWIFT_VERSION = 5.0;
				TARGETED_DEVICE_FAMILY = "1,2";
			};
			name = Release;
		};
/* End XCBuildConfiguration section */

/* Begin XCConfigurationList section */
		EAA45A95232F5D0000A0973C /* Build configuration list for PBXProject "Tab" */ = {
			isa = XCConfigurationList;
			buildConfigurations = (
				EAA45AAA232F5D0200A0973C /* Debug */,
				EAA45AAB232F5D0200A0973C /* Release */,
			);
			defaultConfigurationIsVisible = 0;
			defaultConfigurationName = Release;
		};
		EAA45AAC232F5D0200A0973C /* Build configuration list for PBXNativeTarget "Tab" */ = {
			isa = XCConfigurationList;
			buildConfigurations = (
				EAA45AAD232F5D0200A0973C /* Debug */,
				EAA45AAE232F5D0200A0973C /* Release */,
			);
			defaultConfigurationIsVisible = 0;
			defaultConfigurationName = Release;
		};
/* End XCConfigurationList section */
	};
	rootObject = EAA45A92232F5D0000A0973C /* Project object */;
}
